# This file is generated by running "yarn install" inside your project.
# Manual changes might be lost - proceed with caution!

__metadata:
  version: 6
  cacheKey: 8

"@adraffy/ens-normalize@npm:1.10.0":
  version: 1.10.0
  resolution: "@adraffy/ens-normalize@npm:1.10.0"
  checksum: af0540f963a2632da2bbc37e36ea6593dcfc607b937857133791781e246d47f870d5e3d21fa70d5cfe94e772c284588c81ea3f5b7f4ea8fbb824369444e4dbcb
  languageName: node
  linkType: hard

"@atproto/common-web@npm:^0.2.1, @atproto/common-web@npm:^0.2.2, @atproto/common-web@npm:^0.2.3":
  version: 0.2.4
  resolution: "@atproto/common-web@npm:0.2.4"
  dependencies:
    graphemer: ^1.4.0
    multiformats: ^9.9.0
    uint8arrays: 3.0.0
    zod: ^3.21.4
  checksum: 9a76ae23f00cb219458df801f30a85a4bdc3e33ea0273965a962fb6e4456f0f4be2a9b4e5ec259d98aabe5474a5bb43f795aea306fa4d4a39a0409be19304ce9
  languageName: node
  linkType: hard

"@atproto/lexicon@npm:^0.2.2, @atproto/lexicon@npm:^0.2.3":
  version: 0.2.3
  resolution: "@atproto/lexicon@npm:0.2.3"
  dependencies:
    "@atproto/common-web": ^0.2.2
    "@atproto/syntax": ^0.1.3
    iso-datestring-validator: ^2.2.2
    multiformats: ^9.9.0
    zod: ^3.21.4
  checksum: 868b1b5f1ecdb3430cdb513cfc8d60c3eb55632e655df26ea1fc0f8d74ad936cf743640cb33620c50f492642090c29992723d7efc0455af9a8318e8533e9a18c
  languageName: node
  linkType: hard

"@atproto/syntax@npm:^0.1.2, @atproto/syntax@npm:^0.1.3":
  version: 0.1.5
  resolution: "@atproto/syntax@npm:0.1.5"
  dependencies:
    "@atproto/common-web": ^0.2.3
  checksum: 7cbef3864063ead504be7c272e4c0d4ed442247e459da91060712931e4cf76bd0e0a95868e380d0de20a07a6add6e107a1a0bb3cd9dc78ae51cdfa8f44123900
  languageName: node
  linkType: hard

"@atproto/xrpc@npm:^0.3.2":
  version: 0.3.3
  resolution: "@atproto/xrpc@npm:0.3.3"
  dependencies:
    "@atproto/lexicon": ^0.2.3
    zod: ^3.21.4
  checksum: a8c8ea9febd24ac47eb0304ed66dd346c8156cf85ea101781675c4af390824837bd97ebaf73b7b97e924e5da0482debd5a7323166b063eb371f65b0505fb0269
  languageName: node
  linkType: hard

"@next/env@npm:13.5.6":
  version: 13.5.6
  resolution: "@next/env@npm:13.5.6"
  checksum: 5e8f3f6f987a15dad3cd7b2bcac64a6382c2ec372d95d0ce6ab295eb59c9731222017eebf71ff3005932de2571f7543bce7e5c6a8c90030207fb819404138dc2
  languageName: node
  linkType: hard

"@next/swc-darwin-arm64@npm:13.5.6":
  version: 13.5.6
  resolution: "@next/swc-darwin-arm64@npm:13.5.6"
  conditions: os=darwin & cpu=arm64
  languageName: node
  linkType: hard

"@next/swc-darwin-x64@npm:13.5.6":
  version: 13.5.6
  resolution: "@next/swc-darwin-x64@npm:13.5.6"
  conditions: os=darwin & cpu=x64
  languageName: node
  linkType: hard

"@next/swc-linux-arm64-gnu@npm:13.5.6":
  version: 13.5.6
  resolution: "@next/swc-linux-arm64-gnu@npm:13.5.6"
  conditions: os=linux & cpu=arm64 & libc=glibc
  languageName: node
  linkType: hard

"@next/swc-linux-arm64-musl@npm:13.5.6":
  version: 13.5.6
  resolution: "@next/swc-linux-arm64-musl@npm:13.5.6"
  conditions: os=linux & cpu=arm64 & libc=musl
  languageName: node
  linkType: hard

"@next/swc-linux-x64-gnu@npm:13.5.6":
  version: 13.5.6
  resolution: "@next/swc-linux-x64-gnu@npm:13.5.6"
  conditions: os=linux & cpu=x64 & libc=glibc
  languageName: node
  linkType: hard

"@next/swc-linux-x64-musl@npm:13.5.6":
  version: 13.5.6
  resolution: "@next/swc-linux-x64-musl@npm:13.5.6"
  conditions: os=linux & cpu=x64 & libc=musl
  languageName: node
  linkType: hard

"@next/swc-win32-arm64-msvc@npm:13.5.6":
  version: 13.5.6
  resolution: "@next/swc-win32-arm64-msvc@npm:13.5.6"
  conditions: os=win32 & cpu=arm64
  languageName: node
  linkType: hard

"@next/swc-win32-ia32-msvc@npm:13.5.6":
  version: 13.5.6
  resolution: "@next/swc-win32-ia32-msvc@npm:13.5.6"
  conditions: os=win32 & cpu=ia32
  languageName: node
  linkType: hard

"@next/swc-win32-x64-msvc@npm:13.5.6":
  version: 13.5.6
  resolution: "@next/swc-win32-x64-msvc@npm:13.5.6"
  conditions: os=win32 & cpu=x64
  languageName: node
  linkType: hard

"@noble/curves@npm:1.2.0, @noble/curves@npm:~1.2.0":
  version: 1.2.0
  resolution: "@noble/curves@npm:1.2.0"
  dependencies:
    "@noble/hashes": 1.3.2
  checksum: bb798d7a66d8e43789e93bc3c2ddff91a1e19fdb79a99b86cd98f1e5eff0ee2024a2672902c2576ef3577b6f282f3b5c778bebd55761ddbb30e36bf275e83dd0
  languageName: node
  linkType: hard

"@noble/hashes@npm:1.3.2":
  version: 1.3.2
  resolution: "@noble/hashes@npm:1.3.2"
  checksum: fe23536b436539d13f90e4b9be843cc63b1b17666a07634a2b1259dded6f490be3d050249e6af98076ea8f2ea0d56f578773c2197f2aa0eeaa5fba5bc18ba474
  languageName: node
  linkType: hard

"@noble/hashes@npm:~1.3.0, @noble/hashes@npm:~1.3.2":
  version: 1.3.3
  resolution: "@noble/hashes@npm:1.3.3"
  checksum: 8a6496d1c0c64797339bc694ad06cdfaa0f9e56cd0c3f68ae3666cfb153a791a55deb0af9c653c7ed2db64d537aa3e3054629740d2f2338bb1dcb7ab60cd205b
  languageName: node
  linkType: hard

"@scure/base@npm:~1.1.0, @scure/base@npm:~1.1.2":
  version: 1.1.5
  resolution: "@scure/base@npm:1.1.5"
  checksum: 9e9ee6088cb3aa0fb91f5a48497d26682c7829df3019b1251d088d166d7a8c0f941c68aaa8e7b96bbad20c71eb210397cb1099062cde3e29d4bad6b975c18519
  languageName: node
  linkType: hard

"@scure/bip32@npm:1.3.2":
  version: 1.3.2
  resolution: "@scure/bip32@npm:1.3.2"
  dependencies:
    "@noble/curves": ~1.2.0
    "@noble/hashes": ~1.3.2
    "@scure/base": ~1.1.2
  checksum: c5ae84fae43490853693b481531132b89e056d45c945fc8b92b9d032577f753dfd79c5a7bbcbf0a7f035951006ff0311b6cf7a389e26c9ec6335e42b20c53157
  languageName: node
  linkType: hard

"@scure/bip39@npm:1.2.1":
  version: 1.2.1
  resolution: "@scure/bip39@npm:1.2.1"
  dependencies:
    "@noble/hashes": ~1.3.0
    "@scure/base": ~1.1.0
  checksum: c5bd6f1328fdbeae2dcdd891825b1610225310e5e62a4942714db51066866e4f7bef242c7b06a1b9dcc8043a4a13412cf5c5df76d3b10aa9e36b82e9b6e3eeaa
  languageName: node
  linkType: hard

"@swc/helpers@npm:0.5.2":
  version: 0.5.2
  resolution: "@swc/helpers@npm:0.5.2"
  dependencies:
    tslib: ^2.4.0
  checksum: 51d7e3d8bd56818c49d6bfbd715f0dbeedc13cf723af41166e45c03e37f109336bbcb57a1f2020f4015957721aeb21e1a7fff281233d797ff7d3dd1f447fa258
  languageName: node
  linkType: hard

"@types/node@npm:^20.11.8":
  version: 20.11.20
  resolution: "@types/node@npm:20.11.20"
  dependencies:
    undici-types: ~5.26.4
  checksum: 79d339622fed1c0e64297c8b9f558815a91edb9fea3acb69c1201b919d450e12915cf98b1a96b2d2c121bf86f30b62b6de3708f8894c5319f8dfb3a991e3ccdd
  languageName: node
  linkType: hard

"@types/prop-types@npm:*":
  version: 15.7.11
  resolution: "@types/prop-types@npm:15.7.11"
  checksum: 7519ff11d06fbf6b275029fe03fff9ec377b4cb6e864cac34d87d7146c7f5a7560fd164bdc1d2dbe00b60c43713631251af1fd3d34d46c69cd354602bc0c7c54
  languageName: node
  linkType: hard

"@types/react@npm:18.2.48":
  version: 18.2.48
  resolution: "@types/react@npm:18.2.48"
  dependencies:
    "@types/prop-types": "*"
    "@types/scheduler": "*"
    csstype: ^3.0.2
  checksum: c9ca43ed2995389b7e09492c24e6f911a8439bb8276dd17cc66a2fbebbf0b42daf7b2ad177043256533607c2ca644d7d928fdfce37a67af1f8646d2bac988900
  languageName: node
  linkType: hard

"@types/scheduler@npm:*":
  version: 0.16.8
  resolution: "@types/scheduler@npm:0.16.8"
  checksum: 6c091b096daa490093bf30dd7947cd28e5b2cd612ec93448432b33f724b162587fed9309a0acc104d97b69b1d49a0f3fc755a62282054d62975d53d7fd13472d
  languageName: node
  linkType: hard

"@usedispatch/atproto-api@npm:0.7.8":
  version: 0.7.8
  resolution: "@usedispatch/atproto-api@npm:0.7.8"
  dependencies:
    "@atproto/common-web": ^0.2.1
    "@atproto/lexicon": ^0.2.2
    "@atproto/syntax": ^0.1.2
    "@atproto/xrpc": ^0.3.2
    multiformats: ^9.9.0
    tlds: ^1.234.0
    typed-emitter: ^2.1.0
  checksum: c18d4dced4e1723648165dea1cde38918358f273b94457d97a8803129027dc9591fccee2107cc87119fe33a29c92bdf4f26a4089062c71b96fbdd2d7aaaab0cd
  languageName: node
  linkType: hard

"@usedispatch/solarplex-frame-sdk@npm:0.0.11":
  version: 0.0.11
  resolution: "@usedispatch/solarplex-frame-sdk@npm:0.0.11"
  dependencies:
    "@usedispatch/atproto-api": 0.7.8
    axios: ^1.6.7
    cheerio: 1.0.0-rc.12
  checksum: 18bb9c352356bc7eb0d35738caaaa236b9b29991cbbffc88f5f974fb5dbed048533195e1d3436907bedb04a826911ed77a69da149c02cf584d1f11d54eeb3c2c
  languageName: node
  linkType: hard

"abitype@npm:1.0.0":
  version: 1.0.0
  resolution: "abitype@npm:1.0.0"
  peerDependencies:
    typescript: ">=5.0.4"
    zod: ^3 >=3.22.0
  peerDependenciesMeta:
    typescript:
      optional: true
    zod:
      optional: true
  checksum: ea2c0548c3ba58c37a6de7483d63389074da498e63d803b742bbe94eb4eaa1f51a35d000c424058b2583aef56698cf07c696eb3bc4dd0303bc20c6f0826a241a
  languageName: node
  linkType: hard

"asynckit@npm:^0.4.0":
  version: 0.4.0
  resolution: "asynckit@npm:0.4.0"
  checksum: 7b78c451df768adba04e2d02e63e2d0bf3b07adcd6e42b4cf665cb7ce899bedd344c69a1dcbce355b5f972d597b25aaa1c1742b52cffd9caccb22f348114f6be
  languageName: node
  linkType: hard

"axios@npm:^1.6.7":
  version: 1.6.8
  resolution: "axios@npm:1.6.8"
  dependencies:
    follow-redirects: ^1.15.6
    form-data: ^4.0.0
    proxy-from-env: ^1.1.0
  checksum: bf007fa4b207d102459300698620b3b0873503c6d47bf5a8f6e43c0c64c90035a4f698b55027ca1958f61ab43723df2781c38a99711848d232cad7accbcdfcdd
  languageName: node
  linkType: hard

"boolbase@npm:^1.0.0":
  version: 1.0.0
  resolution: "boolbase@npm:1.0.0"
  checksum: 3e25c80ef626c3a3487c73dbfc70ac322ec830666c9ad915d11b701142fab25ec1e63eff2c450c74347acfd2de854ccde865cd79ef4db1683f7c7b046ea43bb0
  languageName: node
  linkType: hard

"busboy@npm:1.6.0":
  version: 1.6.0
  resolution: "busboy@npm:1.6.0"
  dependencies:
    streamsearch: ^1.1.0
  checksum: 32801e2c0164e12106bf236291a00795c3c4e4b709ae02132883fe8478ba2ae23743b11c5735a0aae8afe65ac4b6ca4568b91f0d9fed1fdbc32ede824a73746e
  languageName: node
  linkType: hard

"caniuse-lite@npm:^1.0.30001406":
  version: 1.0.30001589
  resolution: "caniuse-lite@npm:1.0.30001589"
  checksum: 7a6e6c4fb14c2bd0103a8f744bdd8701c1a5f19162f4a7600b89e25bc86d689f82204dc135f3a1dcd1a53050caa04fd0bb39b7df88698a6b90f189ec48900689
  languageName: node
  linkType: hard

"cheerio-select@npm:^2.1.0":
  version: 2.1.0
  resolution: "cheerio-select@npm:2.1.0"
  dependencies:
    boolbase: ^1.0.0
    css-select: ^5.1.0
    css-what: ^6.1.0
    domelementtype: ^2.3.0
    domhandler: ^5.0.3
    domutils: ^3.0.1
  checksum: 843d6d479922f28a6c5342c935aff1347491156814de63c585a6eb73baf7bb4185c1b4383a1195dca0f12e3946d737c7763bcef0b9544c515d905c5c44c5308b
  languageName: node
  linkType: hard

"cheerio@npm:1.0.0-rc.12":
  version: 1.0.0-rc.12
  resolution: "cheerio@npm:1.0.0-rc.12"
  dependencies:
    cheerio-select: ^2.1.0
    dom-serializer: ^2.0.0
    domhandler: ^5.0.3
    domutils: ^3.0.1
    htmlparser2: ^8.0.1
    parse5: ^7.0.0
    parse5-htmlparser2-tree-adapter: ^7.0.0
  checksum: 5d4c1b7a53cf22d3a2eddc0aff70cf23cbb30d01a4c79013e703a012475c02461aa1fcd99127e8d83a02216386ed6942b2c8103845fd0812300dd199e6e7e054
  languageName: node
  linkType: hard

"client-only@npm:0.0.1":
  version: 0.0.1
  resolution: "client-only@npm:0.0.1"
  checksum: 0c16bf660dadb90610553c1d8946a7fdfb81d624adea073b8440b7d795d5b5b08beb3c950c6a2cf16279365a3265158a236876d92bce16423c485c322d7dfaf8
  languageName: node
  linkType: hard

"combined-stream@npm:^1.0.8":
  version: 1.0.8
  resolution: "combined-stream@npm:1.0.8"
  dependencies:
    delayed-stream: ~1.0.0
  checksum: 49fa4aeb4916567e33ea81d088f6584749fc90c7abec76fd516bf1c5aa5c79f3584b5ba3de6b86d26ddd64bae5329c4c7479343250cfe71c75bb366eae53bb7c
  languageName: node
  linkType: hard

"css-select@npm:^5.1.0":
  version: 5.1.0
  resolution: "css-select@npm:5.1.0"
  dependencies:
    boolbase: ^1.0.0
    css-what: ^6.1.0
    domhandler: ^5.0.2
    domutils: ^3.0.1
    nth-check: ^2.0.1
  checksum: 2772c049b188d3b8a8159907192e926e11824aea525b8282981f72ba3f349cf9ecd523fdf7734875ee2cb772246c22117fc062da105b6d59afe8dcd5c99c9bda
  languageName: node
  linkType: hard

"css-what@npm:^6.1.0":
  version: 6.1.0
  resolution: "css-what@npm:6.1.0"
  checksum: b975e547e1e90b79625918f84e67db5d33d896e6de846c9b584094e529f0c63e2ab85ee33b9daffd05bff3a146a1916bec664e18bb76dd5f66cbff9fc13b2bbe
  languageName: node
  linkType: hard

"csstype@npm:^3.0.2":
  version: 3.1.3
  resolution: "csstype@npm:3.1.3"
  checksum: 8db785cc92d259102725b3c694ec0c823f5619a84741b5c7991b8ad135dfaa66093038a1cc63e03361a6cd28d122be48f2106ae72334e067dd619a51f49eddf7
  languageName: node
  linkType: hard

"delayed-stream@npm:~1.0.0":
  version: 1.0.0
  resolution: "delayed-stream@npm:1.0.0"
  checksum: 46fe6e83e2cb1d85ba50bd52803c68be9bd953282fa7096f51fc29edd5d67ff84ff753c51966061e5ba7cb5e47ef6d36a91924eddb7f3f3483b1c560f77a0020
  languageName: node
  linkType: hard

"dom-serializer@npm:^2.0.0":
  version: 2.0.0
  resolution: "dom-serializer@npm:2.0.0"
  dependencies:
    domelementtype: ^2.3.0
    domhandler: ^5.0.2
    entities: ^4.2.0
  checksum: cd1810544fd8cdfbd51fa2c0c1128ec3a13ba92f14e61b7650b5de421b88205fd2e3f0cc6ace82f13334114addb90ed1c2f23074a51770a8e9c1273acbc7f3e6
  languageName: node
  linkType: hard

"domelementtype@npm:^2.3.0":
  version: 2.3.0
  resolution: "domelementtype@npm:2.3.0"
  checksum: ee837a318ff702622f383409d1f5b25dd1024b692ef64d3096ff702e26339f8e345820f29a68bcdcea8cfee3531776b3382651232fbeae95612d6f0a75efb4f6
  languageName: node
  linkType: hard

"domhandler@npm:^5.0.2, domhandler@npm:^5.0.3":
  version: 5.0.3
  resolution: "domhandler@npm:5.0.3"
  dependencies:
    domelementtype: ^2.3.0
  checksum: 0f58f4a6af63e6f3a4320aa446d28b5790a009018707bce2859dcb1d21144c7876482b5188395a188dfa974238c019e0a1e610d2fc269a12b2c192ea2b0b131c
  languageName: node
  linkType: hard

"domutils@npm:^3.0.1":
  version: 3.1.0
  resolution: "domutils@npm:3.1.0"
  dependencies:
    dom-serializer: ^2.0.0
    domelementtype: ^2.3.0
    domhandler: ^5.0.3
  checksum: e5757456ddd173caa411cfc02c2bb64133c65546d2c4081381a3bafc8a57411a41eed70494551aa58030be9e58574fcc489828bebd673863d39924fb4878f416
  languageName: node
  linkType: hard

"entities@npm:^4.2.0, entities@npm:^4.4.0":
  version: 4.5.0
  resolution: "entities@npm:4.5.0"
  checksum: 853f8ebd5b425d350bffa97dd6958143179a5938352ccae092c62d1267c4e392a039be1bae7d51b6e4ffad25f51f9617531fedf5237f15df302ccfb452cbf2d7
  languageName: node
  linkType: hard

"follow-redirects@npm:^1.15.6":
  version: 1.15.6
  resolution: "follow-redirects@npm:1.15.6"
  peerDependenciesMeta:
    debug:
      optional: true
  checksum: a62c378dfc8c00f60b9c80cab158ba54e99ba0239a5dd7c81245e5a5b39d10f0c35e249c3379eae719ff0285fff88c365dd446fab19dee771f1d76252df1bbf5
  languageName: node
  linkType: hard

"form-data@npm:^4.0.0":
  version: 4.0.0
  resolution: "form-data@npm:4.0.0"
  dependencies:
    asynckit: ^0.4.0
    combined-stream: ^1.0.8
    mime-types: ^2.1.12
  checksum: 01135bf8675f9d5c61ff18e2e2932f719ca4de964e3be90ef4c36aacfc7b9cb2fceb5eca0b7e0190e3383fe51c5b37f4cb80b62ca06a99aaabfcfd6ac7c9328c
  languageName: node
  linkType: hard

"glob-to-regexp@npm:^0.4.1":
  version: 0.4.1
  resolution: "glob-to-regexp@npm:0.4.1"
  checksum: e795f4e8f06d2a15e86f76e4d92751cf8bbfcf0157cea5c2f0f35678a8195a750b34096b1256e436f0cebc1883b5ff0888c47348443e69546a5a87f9e1eb1167
  languageName: node
  linkType: hard

"graceful-fs@npm:^4.1.2":
  version: 4.2.11
  resolution: "graceful-fs@npm:4.2.11"
  checksum: ac85f94da92d8eb6b7f5a8b20ce65e43d66761c55ce85ac96df6865308390da45a8d3f0296dd3a663de65d30ba497bd46c696cc1e248c72b13d6d567138a4fc7
  languageName: node
  linkType: hard

"graphemer@npm:^1.4.0":
  version: 1.4.0
  resolution: "graphemer@npm:1.4.0"
  checksum: bab8f0be9b568857c7bec9fda95a89f87b783546d02951c40c33f84d05bb7da3fd10f863a9beb901463669b6583173a8c8cc6d6b306ea2b9b9d5d3d943c3a673
  languageName: node
  linkType: hard

"htmlparser2@npm:^8.0.1":
  version: 8.0.2
  resolution: "htmlparser2@npm:8.0.2"
  dependencies:
    domelementtype: ^2.3.0
    domhandler: ^5.0.3
    domutils: ^3.0.1
    entities: ^4.4.0
  checksum: 29167a0f9282f181da8a6d0311b76820c8a59bc9e3c87009e21968264c2987d2723d6fde5a964d4b7b6cba663fca96ffb373c06d8223a85f52a6089ced942700
  languageName: node
  linkType: hard

"iso-datestring-validator@npm:^2.2.2":
  version: 2.2.2
  resolution: "iso-datestring-validator@npm:2.2.2"
  checksum: a91897707c99d6efb18b9b07d30ae6c7b60cfaed480aff37598471262bbd6715f77ce29078ccb655f3946a1cb28279637ef9db681152569d09895e6c3aee9892
  languageName: node
  linkType: hard

"isows@npm:1.0.3":
  version: 1.0.3
  resolution: "isows@npm:1.0.3"
  peerDependencies:
    ws: "*"
  checksum: 9cacd5cf59f67deb51e825580cd445ab1725ecb05a67c704050383fb772856f3cd5e7da8ad08f5a3bd2823680d77d099459d0c6a7037972a74d6429af61af440
  languageName: node
  linkType: hard

"js-tokens@npm:^3.0.0 || ^4.0.0":
  version: 4.0.0
  resolution: "js-tokens@npm:4.0.0"
  checksum: 8a95213a5a77deb6cbe94d86340e8d9ace2b93bc367790b260101d2f36a2eaf4e4e22d9fa9cf459b38af3a32fb4190e638024cf82ec95ef708680e405ea7cc78
  languageName: node
  linkType: hard

"loose-envify@npm:^1.1.0":
  version: 1.4.0
  resolution: "loose-envify@npm:1.4.0"
  dependencies:
    js-tokens: ^3.0.0 || ^4.0.0
  bin:
    loose-envify: cli.js
  checksum: 6517e24e0cad87ec9888f500c5b5947032cdfe6ef65e1c1936a0c48a524b81e65542c9c3edc91c97d5bddc806ee2a985dbc79be89215d613b1de5db6d1cfe6f4
  languageName: node
  linkType: hard

"mime-db@npm:1.52.0":
  version: 1.52.0
  resolution: "mime-db@npm:1.52.0"
  checksum: 0d99a03585f8b39d68182803b12ac601d9c01abfa28ec56204fa330bc9f3d1c5e14beb049bafadb3dbdf646dfb94b87e24d4ec7b31b7279ef906a8ea9b6a513f
  languageName: node
  linkType: hard

"mime-types@npm:^2.1.12":
  version: 2.1.35
  resolution: "mime-types@npm:2.1.35"
  dependencies:
    mime-db: 1.52.0
  checksum: 89a5b7f1def9f3af5dad6496c5ed50191ae4331cc5389d7c521c8ad28d5fdad2d06fd81baf38fed813dc4e46bb55c8145bb0ff406330818c9cf712fb2e9b3836
  languageName: node
  linkType: hard

"multiformats@npm:^9.4.2, multiformats@npm:^9.9.0":
  version: 9.9.0
  resolution: "multiformats@npm:9.9.0"
  checksum: d3e8c1be400c09a014f557ea02251a2710dbc9fca5aa32cc702ff29f636c5471e17979f30bdcb0a9cbb556f162a8591dc2e1219c24fc21394a56115b820bb84e
  languageName: node
  linkType: hard

"nanoid@npm:^3.3.6":
  version: 3.3.7
  resolution: "nanoid@npm:3.3.7"
  bin:
    nanoid: bin/nanoid.cjs
  checksum: d36c427e530713e4ac6567d488b489a36582ef89da1d6d4e3b87eded11eb10d7042a877958c6f104929809b2ab0bafa17652b076cdf84324aa75b30b722204f2
  languageName: node
  linkType: hard

"next@npm:13.5.6":
  version: 13.5.6
  resolution: "next@npm:13.5.6"
  dependencies:
    "@next/env": 13.5.6
    "@next/swc-darwin-arm64": 13.5.6
    "@next/swc-darwin-x64": 13.5.6
    "@next/swc-linux-arm64-gnu": 13.5.6
    "@next/swc-linux-arm64-musl": 13.5.6
    "@next/swc-linux-x64-gnu": 13.5.6
    "@next/swc-linux-x64-musl": 13.5.6
    "@next/swc-win32-arm64-msvc": 13.5.6
    "@next/swc-win32-ia32-msvc": 13.5.6
    "@next/swc-win32-x64-msvc": 13.5.6
    "@swc/helpers": 0.5.2
    busboy: 1.6.0
    caniuse-lite: ^1.0.30001406
    postcss: 8.4.31
    styled-jsx: 5.1.1
    watchpack: 2.4.0
  peerDependencies:
    "@opentelemetry/api": ^1.1.0
    react: ^18.2.0
    react-dom: ^18.2.0
    sass: ^1.3.0
  dependenciesMeta:
    "@next/swc-darwin-arm64":
      optional: true
    "@next/swc-darwin-x64":
      optional: true
    "@next/swc-linux-arm64-gnu":
      optional: true
    "@next/swc-linux-arm64-musl":
      optional: true
    "@next/swc-linux-x64-gnu":
      optional: true
    "@next/swc-linux-x64-musl":
      optional: true
    "@next/swc-win32-arm64-msvc":
      optional: true
    "@next/swc-win32-ia32-msvc":
      optional: true
    "@next/swc-win32-x64-msvc":
      optional: true
  peerDependenciesMeta:
    "@opentelemetry/api":
      optional: true
    sass:
      optional: true
  bin:
    next: dist/bin/next
  checksum: c869b0014ae921ada3bf22301985027ec320aebcd6aa9c16e8afbded68bb8def5874cca034c680e8c351a79578f1e514971d02777f6f0a5a1d7290f25970ac0d
  languageName: node
  linkType: hard

"nth-check@npm:^2.0.1":
  version: 2.1.1
  resolution: "nth-check@npm:2.1.1"
  dependencies:
    boolbase: ^1.0.0
  checksum: 5afc3dafcd1573b08877ca8e6148c52abd565f1d06b1eb08caf982e3fa289a82f2cae697ffb55b5021e146d60443f1590a5d6b944844e944714a5b549675bcd3
  languageName: node
  linkType: hard

"parse5-htmlparser2-tree-adapter@npm:^7.0.0":
  version: 7.0.0
  resolution: "parse5-htmlparser2-tree-adapter@npm:7.0.0"
  dependencies:
    domhandler: ^5.0.2
    parse5: ^7.0.0
  checksum: fc5d01e07733142a1baf81de5c2a9c41426c04b7ab29dd218acb80cd34a63177c90aff4a4aee66cf9f1d0aeecff1389adb7452ad6f8af0a5888e3e9ad6ef733d
  languageName: node
  linkType: hard

"parse5@npm:^7.0.0":
  version: 7.1.2
  resolution: "parse5@npm:7.1.2"
  dependencies:
    entities: ^4.4.0
  checksum: 59465dd05eb4c5ec87b76173d1c596e152a10e290b7abcda1aecf0f33be49646ea74840c69af975d7887543ea45564801736356c568d6b5e71792fd0f4055713
  languageName: node
  linkType: hard

"picocolors@npm:^1.0.0":
  version: 1.0.0
  resolution: "picocolors@npm:1.0.0"
  checksum: a2e8092dd86c8396bdba9f2b5481032848525b3dc295ce9b57896f931e63fc16f79805144321f72976383fc249584672a75cc18d6777c6b757603f372f745981
  languageName: node
  linkType: hard

"postcss@npm:8.4.31":
  version: 8.4.31
  resolution: "postcss@npm:8.4.31"
  dependencies:
    nanoid: ^3.3.6
    picocolors: ^1.0.0
    source-map-js: ^1.0.2
  checksum: 1d8611341b073143ad90486fcdfeab49edd243377b1f51834dc4f6d028e82ce5190e4f11bb2633276864503654fb7cab28e67abdc0fbf9d1f88cad4a0ff0beea
  languageName: node
  linkType: hard

"prettier@npm:^3.2.4":
  version: 3.2.5
  resolution: "prettier@npm:3.2.5"
  bin:
    prettier: bin/prettier.cjs
  checksum: 2ee4e1417572372afb7a13bb446b34f20f1bf1747db77cf6ccaf57a9be005f2f15c40f903d41a6b79eec3f57fff14d32a20fb6dee1f126da48908926fe43c311
  languageName: node
  linkType: hard

"proxy-from-env@npm:^1.1.0":
  version: 1.1.0
  resolution: "proxy-from-env@npm:1.1.0"
  checksum: ed7fcc2ba0a33404958e34d95d18638249a68c430e30fcb6c478497d72739ba64ce9810a24f53a7d921d0c065e5b78e3822759800698167256b04659366ca4d4
  languageName: node
  linkType: hard

"react-dom@npm:^18.2.0":
  version: 18.2.0
  resolution: "react-dom@npm:18.2.0"
  dependencies:
    loose-envify: ^1.1.0
    scheduler: ^0.23.0
  peerDependencies:
    react: ^18.2.0
  checksum: 7d323310bea3a91be2965f9468d552f201b1c27891e45ddc2d6b8f717680c95a75ae0bc1e3f5cf41472446a2589a75aed4483aee8169287909fcd59ad149e8cc
  languageName: node
  linkType: hard

"react@npm:^18.2.0":
  version: 18.2.0
  resolution: "react@npm:18.2.0"
  dependencies:
    loose-envify: ^1.1.0
  checksum: 88e38092da8839b830cda6feef2e8505dec8ace60579e46aa5490fc3dc9bba0bd50336507dc166f43e3afc1c42939c09fe33b25fae889d6f402721dcd78fca1b
  languageName: node
  linkType: hard

"rxjs@npm:*":
  version: 7.8.1
  resolution: "rxjs@npm:7.8.1"
  dependencies:
    tslib: ^2.1.0
  checksum: de4b53db1063e618ec2eca0f7965d9137cabe98cf6be9272efe6c86b47c17b987383df8574861bcced18ebd590764125a901d5506082be84a8b8e364bf05f119
  languageName: node
  linkType: hard

"scheduler@npm:^0.23.0":
  version: 0.23.0
  resolution: "scheduler@npm:0.23.0"
  dependencies:
    loose-envify: ^1.1.0
  checksum: d79192eeaa12abef860c195ea45d37cbf2bbf5f66e3c4dcd16f54a7da53b17788a70d109ee3d3dde1a0fd50e6a8fc171f4300356c5aee4fc0171de526bf35f8a
  languageName: node
  linkType: hard

"solarplex-frame-demo@workspace:.":
  version: 0.0.0-use.local
  resolution: "solarplex-frame-demo@workspace:."
  dependencies:
    "@types/node": ^20.11.8
    "@types/react": 18.2.48
    "@usedispatch/solarplex-frame-sdk": 0.0.11
    next: 13.5.6
    prettier: ^3.2.4
    react: ^18.2.0
    react-dom: ^18.2.0
    typescript: ^5.3.3
    viem: ^2.7.1
  languageName: unknown
  linkType: soft

"source-map-js@npm:^1.0.2":
  version: 1.0.2
  resolution: "source-map-js@npm:1.0.2"
  checksum: c049a7fc4deb9a7e9b481ae3d424cc793cb4845daa690bc5a05d428bf41bf231ced49b4cf0c9e77f9d42fdb3d20d6187619fc586605f5eabe995a316da8d377c
  languageName: node
  linkType: hard

"streamsearch@npm:^1.1.0":
  version: 1.1.0
  resolution: "streamsearch@npm:1.1.0"
  checksum: 1cce16cea8405d7a233d32ca5e00a00169cc0e19fbc02aa839959985f267335d435c07f96e5e0edd0eadc6d39c98d5435fb5bbbdefc62c41834eadc5622ad942
  languageName: node
  linkType: hard

"styled-jsx@npm:5.1.1":
  version: 5.1.1
  resolution: "styled-jsx@npm:5.1.1"
  dependencies:
    client-only: 0.0.1
  peerDependencies:
    react: ">= 16.8.0 || 17.x.x || ^18.0.0-0"
  peerDependenciesMeta:
    "@babel/core":
      optional: true
    babel-plugin-macros:
      optional: true
  checksum: 523a33b38603492547e861b98e29c873939b04e15fbe5ef16132c6f1e15958126647983c7d4675325038b428a5e91183d996e90141b18bdd1bbadf6e2c45b2fa
  languageName: node
  linkType: hard

"tlds@npm:^1.234.0":
  version: 1.251.0
  resolution: "tlds@npm:1.251.0"
  bin:
    tlds: bin.js
  checksum: be4e6b2493e7c1d62bcfd91e0c4d432b4cfcce5529e5b0de1e7e375b434775f63f669b612eafa5a8fdf1a1bdf4e638fec29e4beb481892d766ab890108752718
  languageName: node
  linkType: hard

"tslib@npm:^2.1.0, tslib@npm:^2.4.0":
  version: 2.6.2
  resolution: "tslib@npm:2.6.2"
  checksum: 329ea56123005922f39642318e3d1f0f8265d1e7fcb92c633e0809521da75eeaca28d2cf96d7248229deb40e5c19adf408259f4b9640afd20d13aecc1430f3ad
  languageName: node
  linkType: hard

"typed-emitter@npm:^2.1.0":
  version: 2.1.0
  resolution: "typed-emitter@npm:2.1.0"
  dependencies:
    rxjs: "*"
  dependenciesMeta:
    rxjs:
      optional: true
  checksum: 95821a9e05784b972cc9d152891fd12a56cb4b1a7c57e768c02bea6a8984da7aff8f19404a7b69eea11fae2a3b6c0c510a4c510f575f50162c759ae9059f2520
  languageName: node
  linkType: hard

"typescript@npm:^5.3.3":
  version: 5.3.3
  resolution: "typescript@npm:5.3.3"
  bin:
    tsc: bin/tsc
    tsserver: bin/tsserver
  checksum: 2007ccb6e51bbbf6fde0a78099efe04dc1c3dfbdff04ca3b6a8bc717991862b39fd6126c0c3ebf2d2d98ac5e960bcaa873826bb2bb241f14277034148f41f6a2
  languageName: node
  linkType: hard

"typescript@patch:typescript@^5.3.3#~builtin<compat/typescript>":
  version: 5.3.3
  resolution: "typescript@patch:typescript@npm%3A5.3.3#~builtin<compat/typescript>::version=5.3.3&hash=701156"
  bin:
    tsc: bin/tsc
    tsserver: bin/tsserver
  checksum: f61375590b3162599f0f0d5b8737877ac0a7bc52761dbb585d67e7b8753a3a4c42d9a554c4cc929f591ffcf3a2b0602f65ae3ce74714fd5652623a816862b610
  languageName: node
  linkType: hard

"uint8arrays@npm:3.0.0":
  version: 3.0.0
  resolution: "uint8arrays@npm:3.0.0"
  dependencies:
    multiformats: ^9.4.2
  checksum: 58470e687140e64a7fa08ab66b64777b75f105bf78180324448dc798436beacf0bd322cd2b58d20ca4cfa2e091f58e4b52d008e95f21d0ade16c1102b5d23ad3
  languageName: node
  linkType: hard

"undici-types@npm:~5.26.4":
  version: 5.26.5
  resolution: "undici-types@npm:5.26.5"
  checksum: 3192ef6f3fd5df652f2dc1cd782b49d6ff14dc98e5dced492aa8a8c65425227da5da6aafe22523c67f035a272c599bb89cfe803c1db6311e44bed3042fc25487
  languageName: node
  linkType: hard

"viem@npm:^2.7.1":
  version: 2.7.13
  resolution: "viem@npm:2.7.13"
  dependencies:
    "@adraffy/ens-normalize": 1.10.0
    "@noble/curves": 1.2.0
    "@noble/hashes": 1.3.2
    "@scure/bip32": 1.3.2
    "@scure/bip39": 1.2.1
    abitype: 1.0.0
    isows: 1.0.3
    ws: 8.13.0
  peerDependencies:
    typescript: ">=5.0.4"
  peerDependenciesMeta:
    typescript:
      optional: true
  checksum: 80b66808e8eda83fad90f25ce5ca34a842adb629d9b62370a8c369f8dc8ac6d9098f8a35b5ffc6ebe5de3d90cd7155afabd5afd24c9813eb4d10151ecac634ee
  languageName: node
  linkType: hard

"watchpack@npm:2.4.0":
  version: 2.4.0
  resolution: "watchpack@npm:2.4.0"
  dependencies:
    glob-to-regexp: ^0.4.1
    graceful-fs: ^4.1.2
  checksum: 23d4bc58634dbe13b86093e01c6a68d8096028b664ab7139d58f0c37d962d549a940e98f2f201cecdabd6f9c340338dc73ef8bf094a2249ef582f35183d1a131
  languageName: node
  linkType: hard

"ws@npm:8.13.0":
  version: 8.13.0
  resolution: "ws@npm:8.13.0"
  peerDependencies:
    bufferutil: ^4.0.1
    utf-8-validate: ">=5.0.2"
  peerDependenciesMeta:
    bufferutil:
      optional: true
    utf-8-validate:
      optional: true
  checksum: 53e991bbf928faf5dc6efac9b8eb9ab6497c69feeb94f963d648b7a3530a720b19ec2e0ec037344257e05a4f35bd9ad04d9de6f289615ffb133282031b18c61c
  languageName: node
  linkType: hard

"zod@npm:^3.21.4":
  version: 3.22.4
  resolution: "zod@npm:3.22.4"
  checksum: 80bfd7f8039b24fddeb0718a2ec7c02aa9856e4838d6aa4864335a047b6b37a3273b191ef335bf0b2002e5c514ef261ffcda5a589fb084a48c336ffc4cdbab7f
  languageName: node
  linkType: hard
